
Microsoft Visual Studio Solution File, Format Version 12.00
# Visual Studio 14
VisualStudioVersion = 14.0.25123.0
MinimumVisualStudioVersion = 10.0.40219.1
Project("{FAE04EC0-301F-11D3-BF4B-00C04F79EFBC}") = "Cengo", "Cengo\Cengo.csproj", "{DE19F0C4-C18A-4D47-B58C-980280D6C10C}"
EndProject
Global
	GlobalSection(SolutionConfigurationPlatforms) = preSolution
		Debug|Any CPU = Debug|Any CPU
		Release|Any CPU = Release|Any CPU
	EndGlobalSection
	GlobalSection(ProjectConfigurationPlatforms) = postSolution
		{DE19F0C4-C18A-4D47-B58C-980280D6C10C}.Debug|Any CPU.ActiveCfg = Debug|Any CPU
		{DE19F0C4-C18A-4D47-B58C-980280D6C10C}.Debug|Any CPU.Build.0 = Debug|Any CPU
		{DE19F0C4-C18A-4D47-B58C-980280D6C10C}.Release|Any CPU.ActiveCfg = Release|Any CPU
		{DE19F0C4-C18A-4D47-B58C-980280D6C10C}.Release|Any CPU.Build.0 = Release|Any CPU
	EndGlobalSection
	GlobalSection(SolutionProperties) = preSolution
		HideSolutionNode = FALSE
	EndGlobalSection
EndGlobal
